{
  "pins" : [
    {
      "identity" : "actionbar",
      "kind" : "remoteSourceControl",
      "location" : "https://github.com/Kijubei/ActionBar",
      "state" : {
        "branch" : "main",
        "revision" : "d3dc647f547e3e34e0eb4f2bd316e596a29592e3"
      }
    },
    {
      "identity" : "purelayout",
      "kind" : "remoteSourceControl",
      "location" : "https://github.com/PureLayout/PureLayout.git",
      "state" : {
        "revision" : "5561683c96dc49b023c1299bfe4f6fbeed5f8199",
        "version" : "3.1.9"
      }
    }
  ],
  "version" : 2
}
