// !$*UTF8*$!
{
	archiveVersion = 1;
	classes = {
	};
	objectVersion = 55;
	objects = {

/* Begin PBXBuildFile section */
		EACF9DF228019103004A1677 /* ActionBarExampleApp.swift in Sources */ = {isa = PBXBuildFile; fileRef = EACF9DF128019103004A1677 /* ActionBarExampleApp.swift */; };
		EACF9E1228019190004A1677 /* ActionBarPlayground.swift in Sources */ = {isa = PBXBuildFile; fileRef = EACF9E1128019190004A1677 /* ActionBarPlayground.swift */; };
		EACF9E16280199E8004A1677 /* PureLayout in Frameworks */ = {isa = PBXBuildFile; productRef = EACF9E15280199E8004A1677 /* PureLayout */; };
		EAD583F1280D4C4500FFCB55 /* ActionBarPlayground+SwiftUI.swift in Sources */ = {isa = PBXBuildFile; fileRef = EAD583F0280D4C4500FFCB55 /* ActionBarPlayground+SwiftUI.swift */; };
		EAD583F3280D6D8200FFCB55 /* ActionButtonVariants.swift in Sources */ = {isa = PBXBuildFile; fileRef = EAD583F2280D6D8200FFCB55 /* ActionButtonVariants.swift */; };
		EAF544332815516400EBEFE9 /* ActionBar in Frameworks */ = {isa = PBXBuildFile; productRef = EAF544322815516400EBEFE9 /* ActionBar */; };
/* End PBXBuildFile section */

/* Begin PBXFileReference section */
		EACF9DEE28019103004A1677 /* ActionBarExample.app */ = {isa = PBXFileReference; explicitFileType = wrapper.application; includeInIndex = 0; path = ActionBarExample.app; sourceTree = BUILT_PRODUCTS_DIR; };
		EACF9DF128019103004A1677 /* ActionBarExampleApp.swift */ = {isa = PBXFileReference; lastKnownFileType = sourcecode.swift; path = ActionBarExampleApp.swift; sourceTree = "<group>"; };
		EACF9E1128019190004A1677 /* ActionBarPlayground.swift */ = {isa = PBXFileReference; fileEncoding = 4; lastKnownFileType = sourcecode.swift; path = ActionBarPlayground.swift; sourceTree = "<group>"; };
		EAD583F0280D4C4500FFCB55 /* ActionBarPlayground+SwiftUI.swift */ = {isa = PBXFileReference; lastKnownFileType = sourcecode.swift; path = "ActionBarPlayground+SwiftUI.swift"; sourceTree = "<group>"; };
		EAD583F2280D6D8200FFCB55 /* ActionButtonVariants.swift */ = {isa = PBXFileReference; lastKnownFileType = sourcecode.swift; path = ActionButtonVariants.swift; sourceTree = "<group>"; };
/* End PBXFileReference section */

/* Begin PBXFrameworksBuildPhase section */
		EACF9DEB28019103004A1677 /* Frameworks */ = {
			isa = PBXFrameworksBuildPhase;
			buildActionMask = 2147483647;
			files = (
				EAF544332815516400EBEFE9 /* ActionBar in Frameworks */,
				EACF9E16280199E8004A1677 /* PureLayout in Frameworks */,
			);
			runOnlyForDeploymentPostprocessing = 0;
		};
/* End PBXFrameworksBuildPhase section */

/* Begin PBXGroup section */
		EACF9DE528019103004A1677 = {
			isa = PBXGroup;
			children = (
				EACF9DF028019103004A1677 /* ActionBarExample */,
				EACF9DEF28019103004A1677 /* Products */,
			);
			sourceTree = "<group>";
		};
		EACF9DEF28019103004A1677 /* Products */ = {
			isa = PBXGroup;
			children = (
				EACF9DEE28019103004A1677 /* ActionBarExample.app */,
			);
			name = Products;
			sourceTree = "<group>";
		};
		EACF9DF028019103004A1677 /* ActionBarExample */ = {
			isa = PBXGroup;
			children = (
				EACF9DFF2801914D004A1677 /* ActionBarPlayground */,
				EACF9DF128019103004A1677 /* ActionBarExampleApp.swift */,
			);
			path = ActionBarExample;
			sourceTree = "<group>";
		};
		EACF9DFF2801914D004A1677 /* ActionBarPlayground */ = {
			isa = PBXGroup;
			children = (
				EACF9E1128019190004A1677 /* ActionBarPlayground.swift */,
				EAD583F0280D4C4500FFCB55 /* ActionBarPlayground+SwiftUI.swift */,
				EAD583F2280D6D8200FFCB55 /* ActionButtonVariants.swift */,
			);
			path = ActionBarPlayground;
			sourceTree = "<group>";
		};
/* End PBXGroup section */

/* Begin PBXNativeTarget section */
		EACF9DED28019103004A1677 /* ActionBarExample */ = {
			isa = PBXNativeTarget;
			buildConfigurationList = EACF9DFC28019104004A1677 /* Build configuration list for PBXNativeTarget "ActionBarExample" */;
			buildPhases = (
				EACF9DEA28019103004A1677 /* Sources */,
				EACF9DEB28019103004A1677 /* Frameworks */,
				EACF9DEC28019103004A1677 /* Resources */,
			);
			buildRules = (
			);
			dependencies = (
			);
			name = ActionBarExample;
			packageProductDependencies = (
				EACF9E15280199E8004A1677 /* PureLayout */,
				EAF544322815516400EBEFE9 /* ActionBar */,
			);
			productName = ActionBarExample;
			productReference = EACF9DEE28019103004A1677 /* ActionBarExample.app */;
			productType = "com.apple.product-type.application";
		};
/* End PBXNativeTarget section */

/* Begin PBXProject section */
		EACF9DE628019103004A1677 /* Project object */ = {
			isa = PBXProject;
			attributes = {
				BuildIndependentTargetsInParallel = 1;
				LastSwiftUpdateCheck = 1330;
				LastUpgradeCheck = 1330;
				TargetAttributes = {
					EACF9DED28019103004A1677 = {
						CreatedOnToolsVersion = 13.3;
					};
				};
			};
			buildConfigurationList = EACF9DE928019103004A1677 /* Build configuration list for PBXProject "ActionBarExample" */;
			compatibilityVersion = "Xcode 13.0";
			developmentRegion = en;
			hasScannedForEncodings = 0;
			knownRegions = (
				en,
				Base,
			);
			mainGroup = EACF9DE528019103004A1677;
			packageReferences = (
				EACF9E14280199E8004A1677 /* XCRemoteSwiftPackageReference "PureLayout" */,
				EAF544312815516400EBEFE9 /* XCRemoteSwiftPackageReference "ActionBar" */,
			);
			productRefGroup = EACF9DEF28019103004A1677 /* Products */;
			projectDirPath = "";
			projectRoot = "";
			targets = (
				EACF9DED28019103004A1677 /* ActionBarExample */,
			);
		};
/* End PBXProject section */

/* Begin PBXResourcesBuildPhase section */
		EACF9DEC28019103004A1677 /* Resources */ = {
			isa = PBXResourcesBuildPhase;
			buildActionMask = 2147483647;
			files = (
			);
			runOnlyForDeploymentPostprocessing = 0;
		};
/* End PBXResourcesBuildPhase section */

/* Begin PBXSourcesBuildPhase section */
		EACF9DEA28019103004A1677 /* Sources */ = {
			isa = PBXSourcesBuildPhase;
			buildActionMask = 2147483647;
			files = (
				EAD583F1280D4C4500FFCB55 /* ActionBarPlayground+SwiftUI.swift in Sources */,
				EACF9E1228019190004A1677 /* ActionBarPlayground.swift in Sources */,
				EACF9DF228019103004A1677 /* ActionBarExampleApp.swift in Sources */,
				EAD583F3280D6D8200FFCB55 /* ActionButtonVariants.swift in Sources */,
			);
			runOnlyForDeploymentPostprocessing = 0;
		};
/* End PBXSourcesBuildPhase section */

/* Begin XCBuildConfiguration section */
		EACF9DFA28019104004A1677 /* Debug */ = {
			isa = XCBuildConfiguration;
			buildSettings = {
				ALWAYS_SEARCH_USER_PATHS = NO;
				CLANG_ANALYZER_NONNULL = YES;
				CLANG_ANALYZER_NUMBER_OBJECT_CONVERSION = YES_AGGRESSIVE;
				CLANG_CXX_LANGUAGE_STANDARD = "gnu++17";
				CLANG_ENABLE_MODULES = YES;
				CLANG_ENABLE_OBJC_ARC = YES;
				CLANG_ENABLE_OBJC_WEAK = YES;
				CLANG_WARN_BLOCK_CAPTURE_AUTORELEASING = YES;
				CLANG_WARN_BOOL_CONVERSION = YES;
				CLANG_WARN_COMMA = YES;
				CLANG_WARN_CONSTANT_CONVERSION = YES;
				CLANG_WARN_DEPRECATED_OBJC_IMPLEMENTATIONS = YES;
				CLANG_WARN_DIRECT_OBJC_ISA_USAGE = YES_ERROR;
				CLANG_WARN_DOCUMENTATION_COMMENTS = YES;
				CLANG_WARN_EMPTY_BODY = YES;
				CLANG_WARN_ENUM_CONVERSION = YES;
				CLANG_WARN_INFINITE_RECURSION = YES;
				CLANG_WARN_INT_CONVERSION = YES;
				CLANG_WARN_NON_LITERAL_NULL_CONVERSION = YES;
				CLANG_WARN_OBJC_IMPLICIT_RETAIN_SELF = YES;
				CLANG_WARN_OBJC_LITERAL_CONVERSION = YES;
				CLANG_WARN_OBJC_ROOT_CLASS = YES_ERROR;
				CLANG_WARN_QUOTED_INCLUDE_IN_FRAMEWORK_HEADER = YES;
				CLANG_WARN_RANGE_LOOP_ANALYSIS = YES;
				CLANG_WARN_STRICT_PROTOTYPES = YES;
				CLANG_WARN_SUSPICIOUS_MOVE = YES;
				CLANG_WARN_UNGUARDED_AVAILABILITY = YES_AGGRESSIVE;
				CLANG_WARN_UNREACHABLE_CODE = YES;
				CLANG_WARN__DUPLICATE_METHOD_MATCH = YES;
				COPY_PHASE_STRIP = NO;
				DEBUG_INFORMATION_FORMAT = dwarf;
				ENABLE_STRICT_OBJC_MSGSEND = YES;
				ENABLE_TESTABILITY = YES;
				GCC_C_LANGUAGE_STANDARD = gnu11;
				GCC_DYNAMIC_NO_PIC = NO;
				GCC_NO_COMMON_BLOCKS = YES;
				GCC_OPTIMIZATION_LEVEL = 0;
				GCC_PREPROCESSOR_DEFINITIONS = (
					"DEBUG=1",
					"$(inherited)",
				);
				GCC_WARN_64_TO_32_BIT_CONVERSION = YES;
				GCC_WARN_ABOUT_RETURN_TYPE = YES_ERROR;
				GCC_WARN_UNDECLARED_SELECTOR = YES;
				GCC_WARN_UNINITIALIZED_AUTOS = YES_AGGRESSIVE;
				GCC_WARN_UNUSED_FUNCTION = YES;
				GCC_WARN_UNUSED_VARIABLE = YES;
				IPHONEOS_DEPLOYMENT_TARGET = 15.4;
				MTL_ENABLE_DEBUG_INFO = INCLUDE_SOURCE;
				MTL_FAST_MATH = YES;
				ONLY_ACTIVE_ARCH = YES;
				SDKROOT = iphoneos;
				SWIFT_ACTIVE_COMPILATION_CONDITIONS = DEBUG;
				SWIFT_OPTIMIZATION_LEVEL = "-Onone";
			};
			name = Debug;
		};
		EACF9DFB28019104004A1677 /* Release */ = {
			isa = XCBuildConfiguration;
			buildSettings = {
				ALWAYS_SEARCH_USER_PATHS = NO;
				CLANG_ANALYZER_NONNULL = YES;
				CLANG_ANALYZER_NUMBER_OBJECT_CONVERSION = YES_AGGRESSIVE;
				CLANG_CXX_LANGUAGE_STANDARD = "gnu++17";
				CLANG_ENABLE_MODULES = YES;
				CLANG_ENABLE_OBJC_ARC = YES;
				CLANG_ENABLE_OBJC_WEAK = YES;
				CLANG_WARN_BLOCK_CAPTURE_AUTORELEASING = YES;
				CLANG_WARN_BOOL_CONVERSION = YES;
				CLANG_WARN_COMMA = YES;
				CLANG_WARN_CONSTANT_CONVERSION = YES;
				CLANG_WARN_DEPRECATED_OBJC_IMPLEMENTATIONS = YES;
				CLANG_WARN_DIRECT_OBJC_ISA_USAGE = YES_ERROR;
				CLANG_WARN_DOCUMENTATION_COMMENTS = YES;
				CLANG_WARN_EMPTY_BODY = YES;
				CLANG_WARN_ENUM_CONVERSION = YES;
				CLANG_WARN_INFINITE_RECURSION = YES;
				CLANG_WARN_INT_CONVERSION = YES;
				CLANG_WARN_NON_LITERAL_NULL_CONVERSION = YES;
				CLANG_WARN_OBJC_IMPLICIT_RETAIN_SELF = YES;
				CLANG_WARN_OBJC_LITERAL_CONVERSION = YES;
				CLANG_WARN_OBJC_ROOT_CLASS = YES_ERROR;
				CLANG_WARN_QUOTED_INCLUDE_IN_FRAMEWORK_HEADER = YES;
				CLANG_WARN_RANGE_LOOP_ANALYSIS = YES;
				CLANG_WARN_STRICT_PROTOTYPES = YES;
				CLANG_WARN_SUSPICIOUS_MOVE = YES;
				CLANG_WARN_UNGUARDED_AVAILABILITY = YES_AGGRESSIVE;
				CLANG_WARN_UNREACHABLE_CODE = YES;
				CLANG_WARN__DUPLICATE_METHOD_MATCH = YES;
				COPY_PHASE_STRIP = NO;
				DEBUG_INFORMATION_FORMAT = "dwarf-with-dsym";
				ENABLE_NS_ASSERTIONS = NO;
				ENABLE_STRICT_OBJC_MSGSEND = YES;
				GCC_C_LANGUAGE_STANDARD = gnu11;
				GCC_NO_COMMON_BLOCKS = YES;
				GCC_WARN_64_TO_32_BIT_CONVERSION = YES;
				GCC_WARN_ABOUT_RETURN_TYPE = YES_ERROR;
				GCC_WARN_UNDECLARED_SELECTOR = YES;
				GCC_WARN_UNINITIALIZED_AUTOS = YES_AGGRESSIVE;
				GCC_WARN_UNUSED_FUNCTION = YES;
				GCC_WARN_UNUSED_VARIABLE = YES;
				IPHONEOS_DEPLOYMENT_TARGET = 15.4;
				MTL_ENABLE_DEBUG_INFO = NO;
				MTL_FAST_MATH = YES;
				SDKROOT = iphoneos;
				SWIFT_COMPILATION_MODE = wholemodule;
				SWIFT_OPTIMIZATION_LEVEL = "-O";
				VALIDATE_PRODUCT = YES;
			};
			name = Release;
		};
		EACF9DFD28019104004A1677 /* Debug */ = {
			isa = XCBuildConfiguration;
			buildSettings = {
				ASSETCATALOG_COMPILER_APPICON_NAME = AppIcon;
				ASSETCATALOG_COMPILER_GLOBAL_ACCENT_COLOR_NAME = AccentColor;
				CODE_SIGN_STYLE = Manual;
				CURRENT_PROJECT_VERSION = 1;
				DEVELOPMENT_ASSET_PATHS = "";
				DEVELOPMENT_TEAM = "";
				ENABLE_PREVIEWS = YES;
				GENERATE_INFOPLIST_FILE = YES;
				INFOPLIST_KEY_UIApplicationSceneManifest_Generation = YES;
				INFOPLIST_KEY_UIApplicationSupportsIndirectInputEvents = YES;
				INFOPLIST_KEY_UILaunchScreen_Generation = YES;
				INFOPLIST_KEY_UISupportedInterfaceOrientations_iPad = "UIInterfaceOrientationPortrait UIInterfaceOrientationPortraitUpsideDown UIInterfaceOrientationLandscapeLeft UIInterfaceOrientationLandscapeRight";
				INFOPLIST_KEY_UISupportedInterfaceOrientations_iPhone = "UIInterfaceOrientationPortrait UIInterfaceOrientationLandscapeLeft UIInterfaceOrientationLandscapeRight";
				LD_RUNPATH_SEARCH_PATHS = (
					"$(inherited)",
					"@executable_path/Frameworks",
				);
				MARKETING_VERSION = 1.0;
				PRODUCT_BUNDLE_IDENTIFIER = de.tolga.naziyok.ActionBarExample;
				PRODUCT_NAME = "$(TARGET_NAME)";
				PROVISIONING_PROFILE_SPECIFIER = "";
				SWIFT_EMIT_LOC_STRINGS = YES;
				SWIFT_VERSION = 5.0;
				TARGETED_DEVICE_FAMILY = "1,2";
			};
			name = Debug;
		};
		EACF9DFE28019104004A1677 /* Release */ = {
			isa = XCBuildConfiguration;
			buildSettings = {
				ASSETCATALOG_COMPILER_APPICON_NAME = AppIcon;
				ASSETCATALOG_COMPILER_GLOBAL_ACCENT_COLOR_NAME = AccentColor;
				CODE_SIGN_STYLE = Manual;
				CURRENT_PROJECT_VERSION = 1;
				DEVELOPMENT_ASSET_PATHS = "";
				DEVELOPMENT_TEAM = "";
				ENABLE_PREVIEWS = YES;
				GENERATE_INFOPLIST_FILE = YES;
				INFOPLIST_KEY_UIApplicationSceneManifest_Generation = YES;
				INFOPLIST_KEY_UIApplicationSupportsIndirectInputEvents = YES;
				INFOPLIST_KEY_UILaunchScreen_Generation = YES;
				INFOPLIST_KEY_UISupportedInterfaceOrientations_iPad = "UIInterfaceOrientationPortrait UIInterfaceOrientationPortraitUpsideDown UIInterfaceOrientationLandscapeLeft UIInterfaceOrientationLandscapeRight";
				INFOPLIST_KEY_UISupportedInterfaceOrientations_iPhone = "UIInterfaceOrientationPortrait UIInterfaceOrientationLandscapeLeft UIInterfaceOrientationLandscapeRight";
				LD_RUNPATH_SEARCH_PATHS = (
					"$(inherited)",
					"@executable_path/Frameworks",
				);
				MARKETING_VERSION = 1.0;
				PRODUCT_BUNDLE_IDENTIFIER = de.tolga.naziyok.ActionBarExample;
				PRODUCT_NAME = "$(TARGET_NAME)";
				PROVISIONING_PROFILE_SPECIFIER = "";
				SWIFT_EMIT_LOC_STRINGS = YES;
				SWIFT_VERSION = 5.0;
				TARGETED_DEVICE_FAMILY = "1,2";
			};
			name = Release;
		};
/* End XCBuildConfiguration section */

/* Begin XCConfigurationList section */
		EACF9DE928019103004A1677 /* Build configuration list for PBXProject "ActionBarExample" */ = {
			isa = XCConfigurationList;
			buildConfigurations = (
				EACF9DFA28019104004A1677 /* Debug */,
				EACF9DFB28019104004A1677 /* Release */,
			);
			defaultConfigurationIsVisible = 0;
			defaultConfigurationName = Release;
		};
		EACF9DFC28019104004A1677 /* Build configuration list for PBXNativeTarget "ActionBarExample" */ = {
			isa = XCConfigurationList;
			buildConfigurations = (
				EACF9DFD28019104004A1677 /* Debug */,
				EACF9DFE28019104004A1677 /* Release */,
			);
			defaultConfigurationIsVisible = 0;
			defaultConfigurationName = Release;
		};
/* End XCConfigurationList section */

/* Begin XCRemoteSwiftPackageReference section */
		EACF9E14280199E8004A1677 /* XCRemoteSwiftPackageReference "PureLayout" */ = {
			isa = XCRemoteSwiftPackageReference;
			repositoryURL = "https://github.com/PureLayout/PureLayout.git";
			requirement = {
				kind = upToNextMajorVersion;
				minimumVersion = 3.0.0;
			};
		};
		EAF544312815516400EBEFE9 /* XCRemoteSwiftPackageReference "ActionBar" */ = {
			isa = XCRemoteSwiftPackageReference;
			repositoryURL = "https://github.com/Kijubei/ActionBar";
			requirement = {
				branch = main;
				kind = branch;
			};
		};
/* End XCRemoteSwiftPackageReference section */

/* Begin XCSwiftPackageProductDependency section */
		EACF9E15280199E8004A1677 /* PureLayout */ = {
			isa = XCSwiftPackageProductDependency;
			package = EACF9E14280199E8004A1677 /* XCRemoteSwiftPackageReference "PureLayout" */;
			productName = PureLayout;
		};
		EAF544322815516400EBEFE9 /* ActionBar */ = {
			isa = XCSwiftPackageProductDependency;
			package = EAF544312815516400EBEFE9 /* XCRemoteSwiftPackageReference "ActionBar" */;
			productName = ActionBar;
		};
/* End XCSwiftPackageProductDependency section */
	};
	rootObject = EACF9DE628019103004A1677 /* Project object */;
}
